// !$*UTF8*$!
{
	archiveVersion = 1;
	classes = {
	};
	objectVersion = 46;
	objects = {

/* Begin PBXBuildFile section */
		005BE0691CAB5C010078E80C /* AppDelegate.swift in Sources */ = {isa = PBXBuildFile; fileRef = 005BE0681CAB5C010078E80C /* AppDelegate.swift */; };
		005BE06B1CAB5C010078E80C /* ViewController.swift in Sources */ = {isa = PBXBuildFile; fileRef = 005BE06A1CAB5C010078E80C /* ViewController.swift */; };
		005BE06E1CAB5C010078E80C /* Main.storyboard in Resources */ = {isa = PBXBuildFile; fileRef = 005BE06C1CAB5C010078E80C /* Main.storyboard */; };
		005BE0701CAB5C010078E80C /* Assets.xcassets in Resources */ = {isa = PBXBuildFile; fileRef = 005BE06F1CAB5C010078E80C /* Assets.xcassets */; };
		005BE0731CAB5C010078E80C /* LaunchScreen.storyboard in Resources */ = {isa = PBXBuildFile; fileRef = 005BE0711CAB5C010078E80C /* LaunchScreen.storyboard */; };
		005BE07E1CAB5C020078E80C /* LectureGeniusTests.swift in Sources */ = {isa = PBXBuildFile; fileRef = 005BE07D1CAB5C020078E80C /* LectureGeniusTests.swift */; };
		005BE0891CAB5C020078E80C /* LectureGeniusUITests.swift in Sources */ = {isa = PBXBuildFile; fileRef = 005BE0881CAB5C020078E80C /* LectureGeniusUITests.swift */; };
/* End PBXBuildFile section */

/* Begin PBXContainerItemProxy section */
		005BE07A1CAB5C020078E80C /* PBXContainerItemProxy */ = {
			isa = PBXContainerItemProxy;
			containerPortal = 005BE05D1CAB5C010078E80C /* Project object */;
			proxyType = 1;
			remoteGlobalIDString = 005BE0641CAB5C010078E80C;
			remoteInfo = LectureGenius;
		};
		005BE0851CAB5C020078E80C /* PBXContainerItemProxy */ = {
			isa = PBXContainerItemProxy;
			containerPortal = 005BE05D1CAB5C010078E80C /* Project object */;
			proxyType = 1;
			remoteGlobalIDString = 005BE0641CAB5C010078E80C;
			remoteInfo = LectureGenius;
		};
/* End PBXContainerItemProxy section */

/* Begin PBXFileReference section */
		005BE0651CAB5C010078E80C /* LectureGenius.app */ = {isa = PBXFileReference; explicitFileType = wrapper.application; includeInIndex = 0; path = LectureGenius.app; sourceTree = BUILT_PRODUCTS_DIR; };
		005BE0681CAB5C010078E80C /* AppDelegate.swift */ = {isa = PBXFileReference; lastKnownFileType = sourcecode.swift; path = AppDelegate.swift; sourceTree = "<group>"; };
		005BE06A1CAB5C010078E80C /* ViewController.swift */ = {isa = PBXFileReference; lastKnownFileType = sourcecode.swift; path = ViewController.swift; sourceTree = "<group>"; };
		005BE06D1CAB5C010078E80C /* Base */ = {isa = PBXFileReference; lastKnownFileType = file.storyboard; name = Base; path = Base.lproj/Main.storyboard; sourceTree = "<group>"; };
		005BE06F1CAB5C010078E80C /* Assets.xcassets */ = {isa = PBXFileReference; lastKnownFileType = folder.assetcatalog; path = Assets.xcassets; sourceTree = "<group>"; };
		005BE0721CAB5C010078E80C /* Base */ = {isa = PBXFileReference; lastKnownFileType = file.storyboard; name = Base; path = Base.lproj/LaunchScreen.storyboard; sourceTree = "<group>"; };
		005BE0741CAB5C010078E80C /* Info.plist */ = {isa = PBXFileReference; lastKnownFileType = text.plist.xml; path = Info.plist; sourceTree = "<group>"; };
		005BE0791CAB5C020078E80C /* LectureGeniusTests.xctest */ = {isa = PBXFileReference; explicitFileType = wrapper.cfbundle; includeInIndex = 0; path = LectureGeniusTests.xctest; sourceTree = BUILT_PRODUCTS_DIR; };
		005BE07D1CAB5C020078E80C /* LectureGeniusTests.swift */ = {isa = PBXFileReference; lastKnownFileType = sourcecode.swift; path = LectureGeniusTests.swift; sourceTree = "<group>"; };
		005BE07F1CAB5C020078E80C /* Info.plist */ = {isa = PBXFileReference; lastKnownFileType = text.plist.xml; path = Info.plist; sourceTree = "<group>"; };
		005BE0841CAB5C020078E80C /* LectureGeniusUITests.xctest */ = {isa = PBXFileReference; explicitFileType = wrapper.cfbundle; includeInIndex = 0; path = LectureGeniusUITests.xctest; sourceTree = BUILT_PRODUCTS_DIR; };
		005BE0881CAB5C020078E80C /* LectureGeniusUITests.swift */ = {isa = PBXFileReference; lastKnownFileType = sourcecode.swift; path = LectureGeniusUITests.swift; sourceTree = "<group>"; };
		005BE08A1CAB5C020078E80C /* Info.plist */ = {isa = PBXFileReference; lastKnownFileType = text.plist.xml; path = Info.plist; sourceTree = "<group>"; };
/* End PBXFileReference section */

/* Begin PBXFrameworksBuildPhase section */
		005BE0621CAB5C010078E80C /* Frameworks */ = {
			isa = PBXFrameworksBuildPhase;
			buildActionMask = 2147483647;
			files = (
			);
			runOnlyForDeploymentPostprocessing = 0;
		};
		005BE0761CAB5C020078E80C /* Frameworks */ = {
			isa = PBXFrameworksBuildPhase;
			buildActionMask = 2147483647;
			files = (
			);
			runOnlyForDeploymentPostprocessing = 0;
		};
		005BE0811CAB5C020078E80C /* Frameworks */ = {
			isa = PBXFrameworksBuildPhase;
			buildActionMask = 2147483647;
			files = (
			);
			runOnlyForDeploymentPostprocessing = 0;
		};
/* End PBXFrameworksBuildPhase section */

/* Begin PBXGroup section */
		005BE05C1CAB5C010078E80C = {
			isa = PBXGroup;
			children = (
				005BE0671CAB5C010078E80C /* LectureGenius */,
				005BE07C1CAB5C020078E80C /* LectureGeniusTests */,
				005BE0871CAB5C020078E80C /* LectureGeniusUITests */,
				005BE0661CAB5C010078E80C /* Products */,
			);
			sourceTree = "<group>";
		};
		005BE0661CAB5C010078E80C /* Products */ = {
			isa = PBXGroup;
			children = (
				005BE0651CAB5C010078E80C /* LectureGenius.app */,
				005BE0791CAB5C020078E80C /* LectureGeniusTests.xctest */,
				005BE0841CAB5C020078E80C /* LectureGeniusUITests.xctest */,
			);
			name = Products;
			sourceTree = "<group>";
		};
		005BE0671CAB5C010078E80C /* LectureGenius */ = {
			isa = PBXGroup;
			children = (
				005BE0681CAB5C010078E80C /* AppDelegate.swift */,
				005BE06A1CAB5C010078E80C /* ViewController.swift */,
				005BE06C1CAB5C010078E80C /* Main.storyboard */,
				005BE06F1CAB5C010078E80C /* Assets.xcassets */,
				005BE0711CAB5C010078E80C /* LaunchScreen.storyboard */,
				005BE0741CAB5C010078E80C /* Info.plist */,
			);
			path = LectureGenius;
			sourceTree = "<group>";
		};
		005BE07C1CAB5C020078E80C /* LectureGeniusTests */ = {
			isa = PBXGroup;
			children = (
				005BE07D1CAB5C020078E80C /* LectureGeniusTests.swift */,
				005BE07F1CAB5C020078E80C /* Info.plist */,
			);
			path = LectureGeniusTests;
			sourceTree = "<group>";
		};
		005BE0871CAB5C020078E80C /* LectureGeniusUITests */ = {
			isa = PBXGroup;
			children = (
				005BE0881CAB5C020078E80C /* LectureGeniusUITests.swift */,
				005BE08A1CAB5C020078E80C /* Info.plist */,
			);
			path = LectureGeniusUITests;
			sourceTree = "<group>";
		};
/* End PBXGroup section */

/* Begin PBXNativeTarget section */
		005BE0641CAB5C010078E80C /* LectureGenius */ = {
			isa = PBXNativeTarget;
			buildConfigurationList = 005BE08D1CAB5C020078E80C /* Build configuration list for PBXNativeTarget "LectureGenius" */;
			buildPhases = (
				005BE0611CAB5C010078E80C /* Sources */,
				005BE0621CAB5C010078E80C /* Frameworks */,
				005BE0631CAB5C010078E80C /* Resources */,
			);
			buildRules = (
			);
			dependencies = (
			);
			name = LectureGenius;
			productName = LectureGenius;
			productReference = 005BE0651CAB5C010078E80C /* LectureGenius.app */;
			productType = "com.apple.product-type.application";
		};
		005BE0781CAB5C020078E80C /* LectureGeniusTests */ = {
			isa = PBXNativeTarget;
			buildConfigurationList = 005BE0901CAB5C020078E80C /* Build configuration list for PBXNativeTarget "LectureGeniusTests" */;
			buildPhases = (
				005BE0751CAB5C020078E80C /* Sources */,
				005BE0761CAB5C020078E80C /* Frameworks */,
				005BE0771CAB5C020078E80C /* Resources */,
			);
			buildRules = (
			);
			dependencies = (
				005BE07B1CAB5C020078E80C /* PBXTargetDependency */,
			);
			name = LectureGeniusTests;
			productName = LectureGeniusTests;
			productReference = 005BE0791CAB5C020078E80C /* LectureGeniusTests.xctest */;
			productType = "com.apple.product-type.bundle.unit-test";
		};
		005BE0831CAB5C020078E80C /* LectureGeniusUITests */ = {
			isa = PBXNativeTarget;
			buildConfigurationList = 005BE0931CAB5C020078E80C /* Build configuration list for PBXNativeTarget "LectureGeniusUITests" */;
			buildPhases = (
				005BE0801CAB5C020078E80C /* Sources */,
				005BE0811CAB5C020078E80C /* Frameworks */,
				005BE0821CAB5C020078E80C /* Resources */,
			);
			buildRules = (
			);
			dependencies = (
				005BE0861CAB5C020078E80C /* PBXTargetDependency */,
			);
			name = LectureGeniusUITests;
			productName = LectureGeniusUITests;
			productReference = 005BE0841CAB5C020078E80C /* LectureGeniusUITests.xctest */;
			productType = "com.apple.product-type.bundle.ui-testing";
		};
/* End PBXNativeTarget section */

/* Begin PBXProject section */
		005BE05D1CAB5C010078E80C /* Project object */ = {
			isa = PBXProject;
			attributes = {
				LastSwiftUpdateCheck = 0720;
				LastUpgradeCheck = 0720;
				ORGANIZATIONNAME = LectureGenius;
				TargetAttributes = {
					005BE0641CAB5C010078E80C = {
						CreatedOnToolsVersion = 7.2;
					};
					005BE0781CAB5C020078E80C = {
						CreatedOnToolsVersion = 7.2;
						TestTargetID = 005BE0641CAB5C010078E80C;
					};
					005BE0831CAB5C020078E80C = {
						CreatedOnToolsVersion = 7.2;
						TestTargetID = 005BE0641CAB5C010078E80C;
					};
				};
			};
			buildConfigurationList = 005BE0601CAB5C010078E80C /* Build configuration list for PBXProject "LectureGenius" */;
			compatibilityVersion = "Xcode 3.2";
			developmentRegion = English;
			hasScannedForEncodings = 0;
			knownRegions = (
				en,
				Base,
			);
			mainGroup = 005BE05C1CAB5C010078E80C;
			productRefGroup = 005BE0661CAB5C010078E80C /* Products */;
			projectDirPath = "";
			projectRoot = "";
			targets = (
				005BE0641CAB5C010078E80C /* LectureGenius */,
				005BE0781CAB5C020078E80C /* LectureGeniusTests */,
				005BE0831CAB5C020078E80C /* LectureGeniusUITests */,
			);
		};
/* End PBXProject section */

/* Begin PBXResourcesBuildPhase section */
		005BE0631CAB5C010078E80C /* Resources */ = {
			isa = PBXResourcesBuildPhase;
			buildActionMask = 2147483647;
			files = (
				005BE0731CAB5C010078E80C /* LaunchScreen.storyboard in Resources */,
				005BE0701CAB5C010078E80C /* Assets.xcassets in Resources */,
				005BE06E1CAB5C010078E80C /* Main.storyboard in Resources */,
			);
			runOnlyForDeploymentPostprocessing = 0;
		};
		005BE0771CAB5C020078E80C /* Resources */ = {
			isa = PBXResourcesBuildPhase;
			buildActionMask = 2147483647;
			files = (
			);
			runOnlyForDeploymentPostprocessing = 0;
		};
		005BE0821CAB5C020078E80C /* Resources */ = {
			isa = PBXResourcesBuildPhase;
			buildActionMask = 2147483647;
			files = (
			);
			runOnlyForDeploymentPostprocessing = 0;
		};
/* End PBXResourcesBuildPhase section */

/* Begin PBXSourcesBuildPhase section */
		005BE0611CAB5C010078E80C /* Sources */ = {
			isa = PBXSourcesBuildPhase;
			buildActionMask = 2147483647;
			files = (
				005BE06B1CAB5C010078E80C /* ViewController.swift in Sources */,
				005BE0691CAB5C010078E80C /* AppDelegate.swift in Sources */,
			);
			runOnlyForDeploymentPostprocessing = 0;
		};
		005BE0751CAB5C020078E80C /* Sources */ = {
			isa = PBXSourcesBuildPhase;
			buildActionMask = 2147483647;
			files = (
				005BE07E1CAB5C020078E80C /* LectureGeniusTests.swift in Sources */,
			);
			runOnlyForDeploymentPostprocessing = 0;
		};
		005BE0801CAB5C020078E80C /* Sources */ = {
			isa = PBXSourcesBuildPhase;
			buildActionMask = 2147483647;
			files = (
				005BE0891CAB5C020078E80C /* LectureGeniusUITests.swift in Sources */,
			);
			runOnlyForDeploymentPostprocessing = 0;
		};
/* End PBXSourcesBuildPhase section */

/* Begin PBXTargetDependency section */
		005BE07B1CAB5C020078E80C /* PBXTargetDependency */ = {
			isa = PBXTargetDependency;
			target = 005BE0641CAB5C010078E80C /* LectureGenius */;
			targetProxy = 005BE07A1CAB5C020078E80C /* PBXContainerItemProxy */;
		};
		005BE0861CAB5C020078E80C /* PBXTargetDependency */ = {
			isa = PBXTargetDependency;
			target = 005BE0641CAB5C010078E80C /* LectureGenius */;
			targetProxy = 005BE0851CAB5C020078E80C /* PBXContainerItemProxy */;
		};
/* End PBXTargetDependency section */

/* Begin PBXVariantGroup section */
		005BE06C1CAB5C010078E80C /* Main.storyboard */ = {
			isa = PBXVariantGroup;
			children = (
				005BE06D1CAB5C010078E80C /* Base */,
			);
			name = Main.storyboard;
			sourceTree = "<group>";
		};
		005BE0711CAB5C010078E80C /* LaunchScreen.storyboard */ = {
			isa = PBXVariantGroup;
			children = (
				005BE0721CAB5C010078E80C /* Base */,
			);
			name = LaunchScreen.storyboard;
			sourceTree = "<group>";
		};
/* End PBXVariantGroup section */

/* Begin XCBuildConfiguration section */
		005BE08B1CAB5C020078E80C /* Debug */ = {
			isa = XCBuildConfiguration;
			buildSettings = {
				ALWAYS_SEARCH_USER_PATHS = NO;
				CLANG_CXX_LANGUAGE_STANDARD = "gnu++0x";
				CLANG_CXX_LIBRARY = "libc++";
				CLANG_ENABLE_MODULES = YES;
				CLANG_ENABLE_OBJC_ARC = YES;
				CLANG_WARN_BOOL_CONVERSION = YES;
				CLANG_WARN_CONSTANT_CONVERSION = YES;
				CLANG_WARN_DIRECT_OBJC_ISA_USAGE = YES_ERROR;
				CLANG_WARN_EMPTY_BODY = YES;
				CLANG_WARN_ENUM_CONVERSION = YES;
				CLANG_WARN_INT_CONVERSION = YES;
				CLANG_WARN_OBJC_ROOT_CLASS = YES_ERROR;
				CLANG_WARN_UNREACHABLE_CODE = YES;
				CLANG_WARN__DUPLICATE_METHOD_MATCH = YES;
				"CODE_SIGN_IDENTITY[sdk=iphoneos*]" = "iPhone Developer";
				COPY_PHASE_STRIP = NO;
				DEBUG_INFORMATION_FORMAT = dwarf;
				ENABLE_STRICT_OBJC_MSGSEND = YES;
				ENABLE_TESTABILITY = YES;
				GCC_C_LANGUAGE_STANDARD = gnu99;
				GCC_DYNAMIC_NO_PIC = NO;
				GCC_NO_COMMON_BLOCKS = YES;
				GCC_OPTIMIZATION_LEVEL = 0;
				GCC_PREPROCESSOR_DEFINITIONS = (
					"DEBUG=1",
					"$(inherited)",
				);
				GCC_WARN_64_TO_32_BIT_CONVERSION = YES;
				GCC_WARN_ABOUT_RETURN_TYPE = YES_ERROR;
				GCC_WARN_UNDECLARED_SELECTOR = YES;
				GCC_WARN_UNINITIALIZED_AUTOS = YES_AGGRESSIVE;
				GCC_WARN_UNUSED_FUNCTION = YES;
				GCC_WARN_UNUSED_VARIABLE = YES;
				IPHONEOS_DEPLOYMENT_TARGET = 9.2;
				MTL_ENABLE_DEBUG_INFO = YES;
				ONLY_ACTIVE_ARCH = YES;
				SDKROOT = iphoneos;
				SWIFT_OPTIMIZATION_LEVEL = "-Onone";
			};
			name = Debug;
		};
		005BE08C1CAB5C020078E80C /* Release */ = {
			isa = XCBuildConfiguration;
			buildSettings = {
				ALWAYS_SEARCH_USER_PATHS = NO;
				CLANG_CXX_LANGUAGE_STANDARD = "gnu++0x";
				CLANG_CXX_LIBRARY = "libc++";
				CLANG_ENABLE_MODULES = YES;
				CLANG_ENABLE_OBJC_ARC = YES;
				CLANG_WARN_BOOL_CONVERSION = YES;
				CLANG_WARN_CONSTANT_CONVERSION = YES;
				CLANG_WARN_DIRECT_OBJC_ISA_USAGE = YES_ERROR;
				CLANG_WARN_EMPTY_BODY = YES;
				CLANG_WARN_ENUM_CONVERSION = YES;
				CLANG_WARN_INT_CONVERSION = YES;
				CLANG_WARN_OBJC_ROOT_CLASS = YES_ERROR;
				CLANG_WARN_UNREACHABLE_CODE = YES;
				CLANG_WARN__DUPLICATE_METHOD_MATCH = YES;
				"CODE_SIGN_IDENTITY[sdk=iphoneos*]" = "iPhone Developer";
				COPY_PHASE_STRIP = NO;
				DEBUG_INFORMATION_FORMAT = "dwarf-with-dsym";
				ENABLE_NS_ASSERTIONS = NO;
				ENABLE_STRICT_OBJC_MSGSEND = YES;
				GCC_C_LANGUAGE_STANDARD = gnu99;
				GCC_NO_COMMON_BLOCKS = YES;
				GCC_WARN_64_TO_32_BIT_CONVERSION = YES;
				GCC_WARN_ABOUT_RETURN_TYPE = YES_ERROR;
				GCC_WARN_UNDECLARED_SELECTOR = YES;
				GCC_WARN_UNINITIALIZED_AUTOS = YES_AGGRESSIVE;
				GCC_WARN_UNUSED_FUNCTION = YES;
				GCC_WARN_UNUSED_VARIABLE = YES;
				IPHONEOS_DEPLOYMENT_TARGET = 9.2;
				MTL_ENABLE_DEBUG_INFO = NO;
				SDKROOT = iphoneos;
				VALIDATE_PRODUCT = YES;
			};
			name = Release;
		};
		005BE08E1CAB5C020078E80C /* Debug */ = {
			isa = XCBuildConfiguration;
			buildSettings = {
				ASSETCATALOG_COMPILER_APPICON_NAME = AppIcon;
				INFOPLIST_FILE = LectureGenius/Info.plist;
				LD_RUNPATH_SEARCH_PATHS = "$(inherited) @executable_path/Frameworks";
				PRODUCT_BUNDLE_IDENTIFIER = codepathumbc.LectureGenius;
				PRODUCT_NAME = "$(TARGET_NAME)";
			};
			name = Debug;
		};
		005BE08F1CAB5C020078E80C /* Release */ = {
			isa = XCBuildConfiguration;
			buildSettings = {
				ASSETCATALOG_COMPILER_APPICON_NAME = AppIcon;
				INFOPLIST_FILE = LectureGenius/Info.plist;
				LD_RUNPATH_SEARCH_PATHS = "$(inherited) @executable_path/Frameworks";
				PRODUCT_BUNDLE_IDENTIFIER = codepathumbc.LectureGenius;
				PRODUCT_NAME = "$(TARGET_NAME)";
			};
			name = Release;
		};
		005BE0911CAB5C020078E80C /* Debug */ = {
			isa = XCBuildConfiguration;
			buildSettings = {
				BUNDLE_LOADER = "$(TEST_HOST)";
				INFOPLIST_FILE = LectureGeniusTests/Info.plist;
				LD_RUNPATH_SEARCH_PATHS = "$(inherited) @executable_path/Frameworks @loader_path/Frameworks";
				PRODUCT_BUNDLE_IDENTIFIER = codepathumbc.LectureGeniusTests;
				PRODUCT_NAME = "$(TARGET_NAME)";
				TEST_HOST = "$(BUILT_PRODUCTS_DIR)/LectureGenius.app/LectureGenius";
			};
			name = Debug;
		};
		005BE0921CAB5C020078E80C /* Release */ = {
			isa = XCBuildConfiguration;
			buildSettings = {
				BUNDLE_LOADER = "$(TEST_HOST)";
				INFOPLIST_FILE = LectureGeniusTests/Info.plist;
				LD_RUNPATH_SEARCH_PATHS = "$(inherited) @executable_path/Frameworks @loader_path/Frameworks";
				PRODUCT_BUNDLE_IDENTIFIER = codepathumbc.LectureGeniusTests;
				PRODUCT_NAME = "$(TARGET_NAME)";
				TEST_HOST = "$(BUILT_PRODUCTS_DIR)/LectureGenius.app/LectureGenius";
			};
			name = Release;
		};
		005BE0941CAB5C020078E80C /* Debug */ = {
			isa = XCBuildConfiguration;
			buildSettings = {
				INFOPLIST_FILE = LectureGeniusUITests/Info.plist;
				LD_RUNPATH_SEARCH_PATHS = "$(inherited) @executable_path/Frameworks @loader_path/Frameworks";
				PRODUCT_BUNDLE_IDENTIFIER = codepathumbc.LectureGeniusUITests;
				PRODUCT_NAME = "$(TARGET_NAME)";
				TEST_TARGET_NAME = LectureGenius;
				USES_XCTRUNNER = YES;
			};
			name = Debug;
		};
		005BE0951CAB5C020078E80C /* Release */ = {
			isa = XCBuildConfiguration;
			buildSettings = {
				INFOPLIST_FILE = LectureGeniusUITests/Info.plist;
				LD_RUNPATH_SEARCH_PATHS = "$(inherited) @executable_path/Frameworks @loader_path/Frameworks";
				PRODUCT_BUNDLE_IDENTIFIER = codepathumbc.LectureGeniusUITests;
				PRODUCT_NAME = "$(TARGET_NAME)";
				TEST_TARGET_NAME = LectureGenius;
				USES_XCTRUNNER = YES;
			};
			name = Release;
		};
/* End XCBuildConfiguration section */

/* Begin XCConfigurationList section */
		005BE0601CAB5C010078E80C /* Build configuration list for PBXProject "LectureGenius" */ = {
			isa = XCConfigurationList;
			buildConfigurations = (
				005BE08B1CAB5C020078E80C /* Debug */,
				005BE08C1CAB5C020078E80C /* Release */,
			);
			defaultConfigurationIsVisible = 0;
			defaultConfigurationName = Release;
		};
		005BE08D1CAB5C020078E80C /* Build configuration list for PBXNativeTarget "LectureGenius" */ = {
			isa = XCConfigurationList;
			buildConfigurations = (
				005BE08E1CAB5C020078E80C /* Debug */,
				005BE08F1CAB5C020078E80C /* Release */,
			);
			defaultConfigurationIsVisible = 0;
		};
		005BE0901CAB5C020078E80C /* Build configuration list for PBXNativeTarget "LectureGeniusTests" */ = {
			isa = XCConfigurationList;
			buildConfigurations = (
				005BE0911CAB5C020078E80C /* Debug */,
				005BE0921CAB5C020078E80C /* Release */,
			);
			defaultConfigurationIsVisible = 0;
		};
		005BE0931CAB5C020078E80C /* Build configuration list for PBXNativeTarget "LectureGeniusUITests" */ = {
			isa = XCConfigurationList;
			buildConfigurations = (
				005BE0941CAB5C020078E80C /* Debug */,
				005BE0951CAB5C020078E80C /* Release */,
			);
			defaultConfigurationIsVisible = 0;
		};
/* End XCConfigurationList section */
	};
	rootObject = 005BE05D1CAB5C010078E80C /* Project object */;
}
